
Microsoft Visual Studio Solution File, Format Version 12.00
# Visual Studio Version 17
VisualStudioVersion = 17.0.31903.59
MinimumVisualStudioVersion = 10.0.40219.1
Project("{2150E333-8FDC-42A3-9474-1A3956D46DE8}") = "src", "src", "{F3EA97CB-802E-42E5-9296-4626BEF4A909}"
EndProject
Project("{FAE04EC0-301F-11D3-BF4B-00C04F79EFBC}") = "TecChallenge.Application", "src\TecChallenge.Application\TecChallenge.Application.csproj", "{81244297-EDF2-477F-B606-214A2E0EC82E}"
EndProject
Project("{FAE04EC0-301F-11D3-BF4B-00C04F79EFBC}") = "TecChallenge.Domain", "src\TecChallenge.Domain\TecChallenge.Domain.csproj", "{4964BF60-8B7E-40E8-92F0-ACFE08526295}"
EndProject
Project("{FAE04EC0-301F-11D3-BF4B-00C04F79EFBC}") = "TecChallenge.Data", "src\TecChallenge.Data\TecChallenge.Data.csproj", "{5E26ED05-1DDE-4DBE-8864-AE3A9C802C2D}"
EndProject
Project("{FAE04EC0-301F-11D3-BF4B-00C04F79EFBC}") = "TecChallenge.Infrastructure", "src\TecChallenge.Infrastructure\TecChallenge.Infrastructure.csproj", "{92A9DAA7-D499-40F2-9C11-B6E2F97D5D3C}"
EndProject
Project("{FAE04EC0-301F-11D3-BF4B-00C04F79EFBC}") = "TecChallenge.Shared", "src\TecChallenge.Shared\TecChallenge.Shared.csproj", "{8E3AAB34-B07A-49F5-A7D5-EC656F7D066E}"
EndProject
Project("{FAE04EC0-301F-11D3-BF4B-00C04F79EFBC}") = "TecChallenge.Tests", "src\TecChallenge.Tests\TecChallenge.Tests.csproj", "{8BBBB154-A6DC-B069-9040-67213645CAA9}"
EndProject
Global
	GlobalSection(SolutionConfigurationPlatforms) = preSolution
		Debug|Any CPU = Debug|Any CPU
		Release|Any CPU = Release|Any CPU
	EndGlobalSection
	GlobalSection(ProjectConfigurationPlatforms) = postSolution
		{81244297-EDF2-477F-B606-214A2E0EC82E}.Debug|Any CPU.ActiveCfg = Debug|Any CPU
		{81244297-EDF2-477F-B606-214A2E0EC82E}.Debug|Any CPU.Build.0 = Debug|Any CPU
		{81244297-EDF2-477F-B606-214A2E0EC82E}.Release|Any CPU.ActiveCfg = Release|Any CPU
		{81244297-EDF2-477F-B606-214A2E0EC82E}.Release|Any CPU.Build.0 = Release|Any CPU
		{4964BF60-8B7E-40E8-92F0-ACFE08526295}.Debug|Any CPU.ActiveCfg = Debug|Any CPU
		{4964BF60-8B7E-40E8-92F0-ACFE08526295}.Debug|Any CPU.Build.0 = Debug|Any CPU
		{4964BF60-8B7E-40E8-92F0-ACFE08526295}.Release|Any CPU.ActiveCfg = Release|Any CPU
		{4964BF60-8B7E-40E8-92F0-ACFE08526295}.Release|Any CPU.Build.0 = Release|Any CPU
		{5E26ED05-1DDE-4DBE-8864-AE3A9C802C2D}.Debug|Any CPU.ActiveCfg = Debug|Any CPU
		{5E26ED05-1DDE-4DBE-8864-AE3A9C802C2D}.Debug|Any CPU.Build.0 = Debug|Any CPU
		{5E26ED05-1DDE-4DBE-8864-AE3A9C802C2D}.Release|Any CPU.ActiveCfg = Release|Any CPU
		{5E26ED05-1DDE-4DBE-8864-AE3A9C802C2D}.Release|Any CPU.Build.0 = Release|Any CPU
		{92A9DAA7-D499-40F2-9C11-B6E2F97D5D3C}.Debug|Any CPU.ActiveCfg = Debug|Any CPU
		{92A9DAA7-D499-40F2-9C11-B6E2F97D5D3C}.Debug|Any CPU.Build.0 = Debug|Any CPU
		{92A9DAA7-D499-40F2-9C11-B6E2F97D5D3C}.Release|Any CPU.ActiveCfg = Release|Any CPU
		{92A9DAA7-D499-40F2-9C11-B6E2F97D5D3C}.Release|Any CPU.Build.0 = Release|Any CPU
		{8E3AAB34-B07A-49F5-A7D5-EC656F7D066E}.Debug|Any CPU.ActiveCfg = Debug|Any CPU
		{8E3AAB34-B07A-49F5-A7D5-EC656F7D066E}.Debug|Any CPU.Build.0 = Debug|Any CPU
		{8E3AAB34-B07A-49F5-A7D5-EC656F7D066E}.Release|Any CPU.ActiveCfg = Release|Any CPU
		{8E3AAB34-B07A-49F5-A7D5-EC656F7D066E}.Release|Any CPU.Build.0 = Release|Any CPU
		{8BBBB154-A6DC-B069-9040-67213645CAA9}.Debug|Any CPU.ActiveCfg = Debug|Any CPU
		{8BBBB154-A6DC-B069-9040-67213645CAA9}.Debug|Any CPU.Build.0 = Debug|Any CPU
		{8BBBB154-A6DC-B069-9040-67213645CAA9}.Release|Any CPU.ActiveCfg = Release|Any CPU
		{8BBBB154-A6DC-B069-9040-67213645CAA9}.Release|Any CPU.Build.0 = Release|Any CPU
	EndGlobalSection
	GlobalSection(SolutionProperties) = preSolution
		HideSolutionNode = FALSE
	EndGlobalSection
	GlobalSection(NestedProjects) = preSolution
		{81244297-EDF2-477F-B606-214A2E0EC82E} = {F3EA97CB-802E-42E5-9296-4626BEF4A909}
		{4964BF60-8B7E-40E8-92F0-ACFE08526295} = {F3EA97CB-802E-42E5-9296-4626BEF4A909}
		{5E26ED05-1DDE-4DBE-8864-AE3A9C802C2D} = {F3EA97CB-802E-42E5-9296-4626BEF4A909}
		{92A9DAA7-D499-40F2-9C11-B6E2F97D5D3C} = {F3EA97CB-802E-42E5-9296-4626BEF4A909}
		{8E3AAB34-B07A-49F5-A7D5-EC656F7D066E} = {F3EA97CB-802E-42E5-9296-4626BEF4A909}
	EndGlobalSection
	GlobalSection(ExtensibilityGlobals) = postSolution
		SolutionGuid = {F692F871-6FD7-4FE2-BCD2-630883A19178}
	EndGlobalSection
EndGlobal
